// !$*UTF8*$!
{
	archiveVersion = 1;
	classes = {
	};
	objectVersion = 56;
	objects = {

/* Begin PBXBuildFile section */
		B28166102BA7C83B00E9A6CA /* FestFinderApp.swift in Sources */ = {isa = PBXBuildFile; fileRef = B281660F2BA7C83B00E9A6CA /* FestFinderApp.swift */; };
		B28166122BA7C83B00E9A6CA /* ContentView.swift in Sources */ = {isa = PBXBuildFile; fileRef = B28166112BA7C83B00E9A6CA /* ContentView.swift */; };
		B28166142BA7C83E00E9A6CA /* Assets.xcassets in Resources */ = {isa = PBXBuildFile; fileRef = B28166132BA7C83E00E9A6CA /* Assets.xcassets */; };
		B28166172BA7C83E00E9A6CA /* Preview Assets.xcassets in Resources */ = {isa = PBXBuildFile; fileRef = B28166162BA7C83E00E9A6CA /* Preview Assets.xcassets */; };
		B28166212BA7C83E00E9A6CA /* FestFinderTests.swift in Sources */ = {isa = PBXBuildFile; fileRef = B28166202BA7C83E00E9A6CA /* FestFinderTests.swift */; };
		B281662B2BA7C83E00E9A6CA /* FestFinderUITests.swift in Sources */ = {isa = PBXBuildFile; fileRef = B281662A2BA7C83E00E9A6CA /* FestFinderUITests.swift */; };
		B281662D2BA7C83E00E9A6CA /* FestFinderUITestsLaunchTests.swift in Sources */ = {isa = PBXBuildFile; fileRef = B281662C2BA7C83E00E9A6CA /* FestFinderUITestsLaunchTests.swift */; };
/* End PBXBuildFile section */

/* Begin PBXContainerItemProxy section */
		B281661D2BA7C83E00E9A6CA /* PBXContainerItemProxy */ = {
			isa = PBXContainerItemProxy;
			containerPortal = B28166042BA7C83B00E9A6CA /* Project object */;
			proxyType = 1;
			remoteGlobalIDString = B281660B2BA7C83B00E9A6CA;
			remoteInfo = FestFinder;
		};
		B28166272BA7C83E00E9A6CA /* PBXContainerItemProxy */ = {
			isa = PBXContainerItemProxy;
			containerPortal = B28166042BA7C83B00E9A6CA /* Project object */;
			proxyType = 1;
			remoteGlobalIDString = B281660B2BA7C83B00E9A6CA;
			remoteInfo = FestFinder;
		};
/* End PBXContainerItemProxy section */

/* Begin PBXFileReference section */
		B281660C2BA7C83B00E9A6CA /* FestFinder.app */ = {isa = PBXFileReference; explicitFileType = wrapper.application; includeInIndex = 0; path = FestFinder.app; sourceTree = BUILT_PRODUCTS_DIR; };
		B281660F2BA7C83B00E9A6CA /* FestFinderApp.swift */ = {isa = PBXFileReference; lastKnownFileType = sourcecode.swift; path = FestFinderApp.swift; sourceTree = "<group>"; };
		B28166112BA7C83B00E9A6CA /* ContentView.swift */ = {isa = PBXFileReference; lastKnownFileType = sourcecode.swift; path = ContentView.swift; sourceTree = "<group>"; };
		B28166132BA7C83E00E9A6CA /* Assets.xcassets */ = {isa = PBXFileReference; lastKnownFileType = folder.assetcatalog; path = Assets.xcassets; sourceTree = "<group>"; };
		B28166162BA7C83E00E9A6CA /* Preview Assets.xcassets */ = {isa = PBXFileReference; lastKnownFileType = folder.assetcatalog; path = "Preview Assets.xcassets"; sourceTree = "<group>"; };
		B281661C2BA7C83E00E9A6CA /* FestFinderTests.xctest */ = {isa = PBXFileReference; explicitFileType = wrapper.cfbundle; includeInIndex = 0; path = FestFinderTests.xctest; sourceTree = BUILT_PRODUCTS_DIR; };
		B28166202BA7C83E00E9A6CA /* FestFinderTests.swift */ = {isa = PBXFileReference; lastKnownFileType = sourcecode.swift; path = FestFinderTests.swift; sourceTree = "<group>"; };
		B28166262BA7C83E00E9A6CA /* FestFinderUITests.xctest */ = {isa = PBXFileReference; explicitFileType = wrapper.cfbundle; includeInIndex = 0; path = FestFinderUITests.xctest; sourceTree = BUILT_PRODUCTS_DIR; };
		B281662A2BA7C83E00E9A6CA /* FestFinderUITests.swift */ = {isa = PBXFileReference; lastKnownFileType = sourcecode.swift; path = FestFinderUITests.swift; sourceTree = "<group>"; };
		B281662C2BA7C83E00E9A6CA /* FestFinderUITestsLaunchTests.swift */ = {isa = PBXFileReference; lastKnownFileType = sourcecode.swift; path = FestFinderUITestsLaunchTests.swift; sourceTree = "<group>"; };
/* End PBXFileReference section */

/* Begin PBXFrameworksBuildPhase section */
		B28166092BA7C83B00E9A6CA /* Frameworks */ = {
			isa = PBXFrameworksBuildPhase;
			buildActionMask = 2147483647;
			files = (
			);
			runOnlyForDeploymentPostprocessing = 0;
		};
		B28166192BA7C83E00E9A6CA /* Frameworks */ = {
			isa = PBXFrameworksBuildPhase;
			buildActionMask = 2147483647;
			files = (
			);
			runOnlyForDeploymentPostprocessing = 0;
		};
		B28166232BA7C83E00E9A6CA /* Frameworks */ = {
			isa = PBXFrameworksBuildPhase;
			buildActionMask = 2147483647;
			files = (
			);
			runOnlyForDeploymentPostprocessing = 0;
		};
/* End PBXFrameworksBuildPhase section */

/* Begin PBXGroup section */
		B28166032BA7C83B00E9A6CA = {
			isa = PBXGroup;
			children = (
				B281660E2BA7C83B00E9A6CA /* FestFinder */,
				B281661F2BA7C83E00E9A6CA /* FestFinderTests */,
				B28166292BA7C83E00E9A6CA /* FestFinderUITests */,
				B281660D2BA7C83B00E9A6CA /* Products */,
			);
			sourceTree = "<group>";
		};
		B281660D2BA7C83B00E9A6CA /* Products */ = {
			isa = PBXGroup;
			children = (
				B281660C2BA7C83B00E9A6CA /* FestFinder.app */,
				B281661C2BA7C83E00E9A6CA /* FestFinderTests.xctest */,
				B28166262BA7C83E00E9A6CA /* FestFinderUITests.xctest */,
			);
			name = Products;
			sourceTree = "<group>";
		};
		B281660E2BA7C83B00E9A6CA /* FestFinder */ = {
			isa = PBXGroup;
			children = (
				B281660F2BA7C83B00E9A6CA /* FestFinderApp.swift */,
				B28166112BA7C83B00E9A6CA /* ContentView.swift */,
				B28166132BA7C83E00E9A6CA /* Assets.xcassets */,
				B28166152BA7C83E00E9A6CA /* Preview Content */,
			);
			path = FestFinder;
			sourceTree = "<group>";
		};
		B28166152BA7C83E00E9A6CA /* Preview Content */ = {
			isa = PBXGroup;
			children = (
				B28166162BA7C83E00E9A6CA /* Preview Assets.xcassets */,
			);
			path = "Preview Content";
			sourceTree = "<group>";
		};
		B281661F2BA7C83E00E9A6CA /* FestFinderTests */ = {
			isa = PBXGroup;
			children = (
				B28166202BA7C83E00E9A6CA /* FestFinderTests.swift */,
			);
			path = FestFinderTests;
			sourceTree = "<group>";
		};
		B28166292BA7C83E00E9A6CA /* FestFinderUITests */ = {
			isa = PBXGroup;
			children = (
				B281662A2BA7C83E00E9A6CA /* FestFinderUITests.swift */,
				B281662C2BA7C83E00E9A6CA /* FestFinderUITestsLaunchTests.swift */,
			);
			path = FestFinderUITests;
			sourceTree = "<group>";
		};
/* End PBXGroup section */

/* Begin PBXNativeTarget section */
		B281660B2BA7C83B00E9A6CA /* FestFinder */ = {
			isa = PBXNativeTarget;
			buildConfigurationList = B28166302BA7C83E00E9A6CA /* Build configuration list for PBXNativeTarget "FestFinder" */;
			buildPhases = (
				B28166082BA7C83B00E9A6CA /* Sources */,
				B28166092BA7C83B00E9A6CA /* Frameworks */,
				B281660A2BA7C83B00E9A6CA /* Resources */,
			);
			buildRules = (
			);
			dependencies = (
			);
			name = FestFinder;
			productName = FestFinder;
			productReference = B281660C2BA7C83B00E9A6CA /* FestFinder.app */;
			productType = "com.apple.product-type.application";
		};
		B281661B2BA7C83E00E9A6CA /* FestFinderTests */ = {
			isa = PBXNativeTarget;
			buildConfigurationList = B28166332BA7C83E00E9A6CA /* Build configuration list for PBXNativeTarget "FestFinderTests" */;
			buildPhases = (
				B28166182BA7C83E00E9A6CA /* Sources */,
				B28166192BA7C83E00E9A6CA /* Frameworks */,
				B281661A2BA7C83E00E9A6CA /* Resources */,
			);
			buildRules = (
			);
			dependencies = (
				B281661E2BA7C83E00E9A6CA /* PBXTargetDependency */,
			);
			name = FestFinderTests;
			productName = FestFinderTests;
			productReference = B281661C2BA7C83E00E9A6CA /* FestFinderTests.xctest */;
			productType = "com.apple.product-type.bundle.unit-test";
		};
		B28166252BA7C83E00E9A6CA /* FestFinderUITests */ = {
			isa = PBXNativeTarget;
			buildConfigurationList = B28166362BA7C83E00E9A6CA /* Build configuration list for PBXNativeTarget "FestFinderUITests" */;
			buildPhases = (
				B28166222BA7C83E00E9A6CA /* Sources */,
				B28166232BA7C83E00E9A6CA /* Frameworks */,
				B28166242BA7C83E00E9A6CA /* Resources */,
			);
			buildRules = (
			);
			dependencies = (
				B28166282BA7C83E00E9A6CA /* PBXTargetDependency */,
			);
			name = FestFinderUITests;
			productName = FestFinderUITests;
			productReference = B28166262BA7C83E00E9A6CA /* FestFinderUITests.xctest */;
			productType = "com.apple.product-type.bundle.ui-testing";
		};
/* End PBXNativeTarget section */

/* Begin PBXProject section */
		B28166042BA7C83B00E9A6CA /* Project object */ = {
			isa = PBXProject;
			attributes = {
				BuildIndependentTargetsInParallel = 1;
				LastSwiftUpdateCheck = 1530;
				LastUpgradeCheck = 1530;
				TargetAttributes = {
					B281660B2BA7C83B00E9A6CA = {
						CreatedOnToolsVersion = 15.3;
					};
					B281661B2BA7C83E00E9A6CA = {
						CreatedOnToolsVersion = 15.3;
						TestTargetID = B281660B2BA7C83B00E9A6CA;
					};
					B28166252BA7C83E00E9A6CA = {
						CreatedOnToolsVersion = 15.3;
						TestTargetID = B281660B2BA7C83B00E9A6CA;
					};
				};
			};
			buildConfigurationList = B28166072BA7C83B00E9A6CA /* Build configuration list for PBXProject "FestFinder" */;
			compatibilityVersion = "Xcode 14.0";
			developmentRegion = en;
			hasScannedForEncodings = 0;
			knownRegions = (
				en,
				Base,
			);
			mainGroup = B28166032BA7C83B00E9A6CA;
			productRefGroup = B281660D2BA7C83B00E9A6CA /* Products */;
			projectDirPath = "";
			projectRoot = "";
			targets = (
				B281660B2BA7C83B00E9A6CA /* FestFinder */,
				B281661B2BA7C83E00E9A6CA /* FestFinderTests */,
				B28166252BA7C83E00E9A6CA /* FestFinderUITests */,
			);
		};
/* End PBXProject section */

/* Begin PBXResourcesBuildPhase section */
		B281660A2BA7C83B00E9A6CA /* Resources */ = {
			isa = PBXResourcesBuildPhase;
			buildActionMask = 2147483647;
			files = (
				B28166172BA7C83E00E9A6CA /* Preview Assets.xcassets in Resources */,
				B28166142BA7C83E00E9A6CA /* Assets.xcassets in Resources */,
			);
			runOnlyForDeploymentPostprocessing = 0;
		};
		B281661A2BA7C83E00E9A6CA /* Resources */ = {
			isa = PBXResourcesBuildPhase;
			buildActionMask = 2147483647;
			files = (
			);
			runOnlyForDeploymentPostprocessing = 0;
		};
		B28166242BA7C83E00E9A6CA /* Resources */ = {
			isa = PBXResourcesBuildPhase;
			buildActionMask = 2147483647;
			files = (
			);
			runOnlyForDeploymentPostprocessing = 0;
		};
/* End PBXResourcesBuildPhase section */

/* Begin PBXSourcesBuildPhase section */
		B28166082BA7C83B00E9A6CA /* Sources */ = {
			isa = PBXSourcesBuildPhase;
			buildActionMask = 2147483647;
			files = (
				B28166122BA7C83B00E9A6CA /* ContentView.swift in Sources */,
				B28166102BA7C83B00E9A6CA /* FestFinderApp.swift in Sources */,
			);
			runOnlyForDeploymentPostprocessing = 0;
		};
		B28166182BA7C83E00E9A6CA /* Sources */ = {
			isa = PBXSourcesBuildPhase;
			buildActionMask = 2147483647;
			files = (
				B28166212BA7C83E00E9A6CA /* FestFinderTests.swift in Sources */,
			);
			runOnlyForDeploymentPostprocessing = 0;
		};
		B28166222BA7C83E00E9A6CA /* Sources */ = {
			isa = PBXSourcesBuildPhase;
			buildActionMask = 2147483647;
			files = (
				B281662D2BA7C83E00E9A6CA /* FestFinderUITestsLaunchTests.swift in Sources */,
				B281662B2BA7C83E00E9A6CA /* FestFinderUITests.swift in Sources */,
			);
			runOnlyForDeploymentPostprocessing = 0;
		};
/* End PBXSourcesBuildPhase section */

/* Begin PBXTargetDependency section */
		B281661E2BA7C83E00E9A6CA /* PBXTargetDependency */ = {
			isa = PBXTargetDependency;
			target = B281660B2BA7C83B00E9A6CA /* FestFinder */;
			targetProxy = B281661D2BA7C83E00E9A6CA /* PBXContainerItemProxy */;
		};
		B28166282BA7C83E00E9A6CA /* PBXTargetDependency */ = {
			isa = PBXTargetDependency;
			target = B281660B2BA7C83B00E9A6CA /* FestFinder */;
			targetProxy = B28166272BA7C83E00E9A6CA /* PBXContainerItemProxy */;
		};
/* End PBXTargetDependency section */

/* Begin XCBuildConfiguration section */
		B281662E2BA7C83E00E9A6CA /* Debug */ = {
			isa = XCBuildConfiguration;
			buildSettings = {
				ALWAYS_SEARCH_USER_PATHS = NO;
				ASSETCATALOG_COMPILER_GENERATE_SWIFT_ASSET_SYMBOL_EXTENSIONS = YES;
				CLANG_ANALYZER_NONNULL = YES;
				CLANG_ANALYZER_NUMBER_OBJECT_CONVERSION = YES_AGGRESSIVE;
				CLANG_CXX_LANGUAGE_STANDARD = "gnu++20";
				CLANG_ENABLE_MODULES = YES;
				CLANG_ENABLE_OBJC_ARC = YES;
				CLANG_ENABLE_OBJC_WEAK = YES;
				CLANG_WARN_BLOCK_CAPTURE_AUTORELEASING = YES;
				CLANG_WARN_BOOL_CONVERSION = YES;
				CLANG_WARN_COMMA = YES;
				CLANG_WARN_CONSTANT_CONVERSION = YES;
				CLANG_WARN_DEPRECATED_OBJC_IMPLEMENTATIONS = YES;
				CLANG_WARN_DIRECT_OBJC_ISA_USAGE = YES_ERROR;
				CLANG_WARN_DOCUMENTATION_COMMENTS = YES;
				CLANG_WARN_EMPTY_BODY = YES;
				CLANG_WARN_ENUM_CONVERSION = YES;
				CLANG_WARN_INFINITE_RECURSION = YES;
				CLANG_WARN_INT_CONVERSION = YES;
				CLANG_WARN_NON_LITERAL_NULL_CONVERSION = YES;
				CLANG_WARN_OBJC_IMPLICIT_RETAIN_SELF = YES;
				CLANG_WARN_OBJC_LITERAL_CONVERSION = YES;
				CLANG_WARN_OBJC_ROOT_CLASS = YES_ERROR;
				CLANG_WARN_QUOTED_INCLUDE_IN_FRAMEWORK_HEADER = YES;
				CLANG_WARN_RANGE_LOOP_ANALYSIS = YES;
				CLANG_WARN_STRICT_PROTOTYPES = YES;
				CLANG_WARN_SUSPICIOUS_MOVE = YES;
				CLANG_WARN_UNGUARDED_AVAILABILITY = YES_AGGRESSIVE;
				CLANG_WARN_UNREACHABLE_CODE = YES;
				CLANG_WARN__DUPLICATE_METHOD_MATCH = YES;
				COPY_PHASE_STRIP = NO;
				DEBUG_INFORMATION_FORMAT = dwarf;
				ENABLE_STRICT_OBJC_MSGSEND = YES;
				ENABLE_TESTABILITY = YES;
				ENABLE_USER_SCRIPT_SANDBOXING = YES;
				GCC_C_LANGUAGE_STANDARD = gnu17;
				GCC_DYNAMIC_NO_PIC = NO;
				GCC_NO_COMMON_BLOCKS = YES;
				GCC_OPTIMIZATION_LEVEL = 0;
				GCC_PREPROCESSOR_DEFINITIONS = (
					"DEBUG=1",
					"$(inherited)",
				);
				GCC_WARN_64_TO_32_BIT_CONVERSION = YES;
				GCC_WARN_ABOUT_RETURN_TYPE = YES_ERROR;
				GCC_WARN_UNDECLARED_SELECTOR = YES;
				GCC_WARN_UNINITIALIZED_AUTOS = YES_AGGRESSIVE;
				GCC_WARN_UNUSED_FUNCTION = YES;
				GCC_WARN_UNUSED_VARIABLE = YES;
				IPHONEOS_DEPLOYMENT_TARGET = 17.4;
				LOCALIZATION_PREFERS_STRING_CATALOGS = YES;
				MTL_ENABLE_DEBUG_INFO = INCLUDE_SOURCE;
				MTL_FAST_MATH = YES;
				ONLY_ACTIVE_ARCH = YES;
				SDKROOT = iphoneos;
				SWIFT_ACTIVE_COMPILATION_CONDITIONS = "DEBUG $(inherited)";
				SWIFT_OPTIMIZATION_LEVEL = "-Onone";
			};
			name = Debug;
		};
		B281662F2BA7C83E00E9A6CA /* Release */ = {
			isa = XCBuildConfiguration;
			buildSettings = {
				ALWAYS_SEARCH_USER_PATHS = NO;
				ASSETCATALOG_COMPILER_GENERATE_SWIFT_ASSET_SYMBOL_EXTENSIONS = YES;
				CLANG_ANALYZER_NONNULL = YES;
				CLANG_ANALYZER_NUMBER_OBJECT_CONVERSION = YES_AGGRESSIVE;
				CLANG_CXX_LANGUAGE_STANDARD = "gnu++20";
				CLANG_ENABLE_MODULES = YES;
				CLANG_ENABLE_OBJC_ARC = YES;
				CLANG_ENABLE_OBJC_WEAK = YES;
				CLANG_WARN_BLOCK_CAPTURE_AUTORELEASING = YES;
				CLANG_WARN_BOOL_CONVERSION = YES;
				CLANG_WARN_COMMA = YES;
				CLANG_WARN_CONSTANT_CONVERSION = YES;
				CLANG_WARN_DEPRECATED_OBJC_IMPLEMENTATIONS = YES;
				CLANG_WARN_DIRECT_OBJC_ISA_USAGE = YES_ERROR;
				CLANG_WARN_DOCUMENTATION_COMMENTS = YES;
				CLANG_WARN_EMPTY_BODY = YES;
				CLANG_WARN_ENUM_CONVERSION = YES;
				CLANG_WARN_INFINITE_RECURSION = YES;
				CLANG_WARN_INT_CONVERSION = YES;
				CLANG_WARN_NON_LITERAL_NULL_CONVERSION = YES;
				CLANG_WARN_OBJC_IMPLICIT_RETAIN_SELF = YES;
				CLANG_WARN_OBJC_LITERAL_CONVERSION = YES;
				CLANG_WARN_OBJC_ROOT_CLASS = YES_ERROR;
				CLANG_WARN_QUOTED_INCLUDE_IN_FRAMEWORK_HEADER = YES;
				CLANG_WARN_RANGE_LOOP_ANALYSIS = YES;
				CLANG_WARN_STRICT_PROTOTYPES = YES;
				CLANG_WARN_SUSPICIOUS_MOVE = YES;
				CLANG_WARN_UNGUARDED_AVAILABILITY = YES_AGGRESSIVE;
				CLANG_WARN_UNREACHABLE_CODE = YES;
				CLANG_WARN__DUPLICATE_METHOD_MATCH = YES;
				COPY_PHASE_STRIP = NO;
				DEBUG_INFORMATION_FORMAT = "dwarf-with-dsym";
				ENABLE_NS_ASSERTIONS = NO;
				ENABLE_STRICT_OBJC_MSGSEND = YES;
				ENABLE_USER_SCRIPT_SANDBOXING = YES;
				GCC_C_LANGUAGE_STANDARD = gnu17;
				GCC_NO_COMMON_BLOCKS = YES;
				GCC_WARN_64_TO_32_BIT_CONVERSION = YES;
				GCC_WARN_ABOUT_RETURN_TYPE = YES_ERROR;
				GCC_WARN_UNDECLARED_SELECTOR = YES;
				GCC_WARN_UNINITIALIZED_AUTOS = YES_AGGRESSIVE;
				GCC_WARN_UNUSED_FUNCTION = YES;
				GCC_WARN_UNUSED_VARIABLE = YES;
				IPHONEOS_DEPLOYMENT_TARGET = 17.4;
				LOCALIZATION_PREFERS_STRING_CATALOGS = YES;
				MTL_ENABLE_DEBUG_INFO = NO;
				MTL_FAST_MATH = YES;
				SDKROOT = iphoneos;
				SWIFT_COMPILATION_MODE = wholemodule;
				VALIDATE_PRODUCT = YES;
			};
			name = Release;
		};
		B28166312BA7C83E00E9A6CA /* Debug */ = {
			isa = XCBuildConfiguration;
			buildSettings = {
				ASSETCATALOG_COMPILER_APPICON_NAME = AppIcon;
				ASSETCATALOG_COMPILER_GLOBAL_ACCENT_COLOR_NAME = AccentColor;
				CODE_SIGN_STYLE = Automatic;
				CURRENT_PROJECT_VERSION = 1;
				DEVELOPMENT_ASSET_PATHS = "\"FestFinder/Preview Content\"";
				ENABLE_PREVIEWS = YES;
				GENERATE_INFOPLIST_FILE = YES;
				INFOPLIST_KEY_UIApplicationSceneManifest_Generation = YES;
				INFOPLIST_KEY_UIApplicationSupportsIndirectInputEvents = YES;
				INFOPLIST_KEY_UILaunchScreen_Generation = YES;
				INFOPLIST_KEY_UISupportedInterfaceOrientations_iPad = "UIInterfaceOrientationPortrait UIInterfaceOrientationPortraitUpsideDown UIInterfaceOrientationLandscapeLeft UIInterfaceOrientationLandscapeRight";
				INFOPLIST_KEY_UISupportedInterfaceOrientations_iPhone = "UIInterfaceOrientationPortrait UIInterfaceOrientationLandscapeLeft UIInterfaceOrientationLandscapeRight";
				LD_RUNPATH_SEARCH_PATHS = (
					"$(inherited)",
					"@executable_path/Frameworks",
				);
				MARKETING_VERSION = 1.0;
				PRODUCT_BUNDLE_IDENTIFIER = FestFinder.FestFinder;
				PRODUCT_NAME = "$(TARGET_NAME)";
				SWIFT_EMIT_LOC_STRINGS = YES;
				SWIFT_VERSION = 5.0;
				TARGETED_DEVICE_FAMILY = "1,2";
			};
			name = Debug;
		};
		B28166322BA7C83E00E9A6CA /* Release */ = {
			isa = XCBuildConfiguration;
			buildSettings = {
				ASSETCATALOG_COMPILER_APPICON_NAME = AppIcon;
				ASSETCATALOG_COMPILER_GLOBAL_ACCENT_COLOR_NAME = AccentColor;
				CODE_SIGN_STYLE = Automatic;
				CURRENT_PROJECT_VERSION = 1;
				DEVELOPMENT_ASSET_PATHS = "\"FestFinder/Preview Content\"";
				ENABLE_PREVIEWS = YES;
				GENERATE_INFOPLIST_FILE = YES;
				INFOPLIST_KEY_UIApplicationSceneManifest_Generation = YES;
				INFOPLIST_KEY_UIApplicationSupportsIndirectInputEvents = YES;
				INFOPLIST_KEY_UILaunchScreen_Generation = YES;
				INFOPLIST_KEY_UISupportedInterfaceOrientations_iPad = "UIInterfaceOrientationPortrait UIInterfaceOrientationPortraitUpsideDown UIInterfaceOrientationLandscapeLeft UIInterfaceOrientationLandscapeRight";
				INFOPLIST_KEY_UISupportedInterfaceOrientations_iPhone = "UIInterfaceOrientationPortrait UIInterfaceOrientationLandscapeLeft UIInterfaceOrientationLandscapeRight";
				LD_RUNPATH_SEARCH_PATHS = (
					"$(inherited)",
					"@executable_path/Frameworks",
				);
				MARKETING_VERSION = 1.0;
				PRODUCT_BUNDLE_IDENTIFIER = FestFinder.FestFinder;
				PRODUCT_NAME = "$(TARGET_NAME)";
				SWIFT_EMIT_LOC_STRINGS = YES;
				SWIFT_VERSION = 5.0;
				TARGETED_DEVICE_FAMILY = "1,2";
			};
			name = Release;
		};
		B28166342BA7C83E00E9A6CA /* Debug */ = {
			isa = XCBuildConfiguration;
			buildSettings = {
				ALWAYS_EMBED_SWIFT_STANDARD_LIBRARIES = YES;
				BUNDLE_LOADER = "$(TEST_HOST)";
				CODE_SIGN_STYLE = Automatic;
				CURRENT_PROJECT_VERSION = 1;
				GENERATE_INFOPLIST_FILE = YES;
				IPHONEOS_DEPLOYMENT_TARGET = 17.4;
				MARKETING_VERSION = 1.0;
				PRODUCT_BUNDLE_IDENTIFIER = FestFinder.FestFinderTests;
				PRODUCT_NAME = "$(TARGET_NAME)";
				SWIFT_EMIT_LOC_STRINGS = NO;
				SWIFT_VERSION = 5.0;
				TARGETED_DEVICE_FAMILY = "1,2";
				TEST_HOST = "$(BUILT_PRODUCTS_DIR)/FestFinder.app/$(BUNDLE_EXECUTABLE_FOLDER_PATH)/FestFinder";
			};
			name = Debug;
		};
		B28166352BA7C83E00E9A6CA /* Release */ = {
			isa = XCBuildConfiguration;
			buildSettings = {
				ALWAYS_EMBED_SWIFT_STANDARD_LIBRARIES = YES;
				BUNDLE_LOADER = "$(TEST_HOST)";
				CODE_SIGN_STYLE = Automatic;
				CURRENT_PROJECT_VERSION = 1;
				GENERATE_INFOPLIST_FILE = YES;
				IPHONEOS_DEPLOYMENT_TARGET = 17.4;
				MARKETING_VERSION = 1.0;
				PRODUCT_BUNDLE_IDENTIFIER = FestFinder.FestFinderTests;
				PRODUCT_NAME = "$(TARGET_NAME)";
				SWIFT_EMIT_LOC_STRINGS = NO;
				SWIFT_VERSION = 5.0;
				TARGETED_DEVICE_FAMILY = "1,2";
				TEST_HOST = "$(BUILT_PRODUCTS_DIR)/FestFinder.app/$(BUNDLE_EXECUTABLE_FOLDER_PATH)/FestFinder";
			};
			name = Release;
		};
		B28166372BA7C83E00E9A6CA /* Debug */ = {
			isa = XCBuildConfiguration;
			buildSettings = {
				ALWAYS_EMBED_SWIFT_STANDARD_LIBRARIES = YES;
				CODE_SIGN_STYLE = Automatic;
				CURRENT_PROJECT_VERSION = 1;
				GENERATE_INFOPLIST_FILE = YES;
				MARKETING_VERSION = 1.0;
				PRODUCT_BUNDLE_IDENTIFIER = FestFinder.FestFinderUITests;
				PRODUCT_NAME = "$(TARGET_NAME)";
				SWIFT_EMIT_LOC_STRINGS = NO;
				SWIFT_VERSION = 5.0;
				TARGETED_DEVICE_FAMILY = "1,2";
				TEST_TARGET_NAME = FestFinder;
			};
			name = Debug;
		};
		B28166382BA7C83E00E9A6CA /* Release */ = {
			isa = XCBuildConfiguration;
			buildSettings = {
				ALWAYS_EMBED_SWIFT_STANDARD_LIBRARIES = YES;
				CODE_SIGN_STYLE = Automatic;
				CURRENT_PROJECT_VERSION = 1;
				GENERATE_INFOPLIST_FILE = YES;
				MARKETING_VERSION = 1.0;
				PRODUCT_BUNDLE_IDENTIFIER = FestFinder.FestFinderUITests;
				PRODUCT_NAME = "$(TARGET_NAME)";
				SWIFT_EMIT_LOC_STRINGS = NO;
				SWIFT_VERSION = 5.0;
				TARGETED_DEVICE_FAMILY = "1,2";
				TEST_TARGET_NAME = FestFinder;
			};
			name = Release;
		};
/* End XCBuildConfiguration section */

/* Begin XCConfigurationList section */
		B28166072BA7C83B00E9A6CA /* Build configuration list for PBXProject "FestFinder" */ = {
			isa = XCConfigurationList;
			buildConfigurations = (
				B281662E2BA7C83E00E9A6CA /* Debug */,
				B281662F2BA7C83E00E9A6CA /* Release */,
			);
			defaultConfigurationIsVisible = 0;
			defaultConfigurationName = Release;
		};
		B28166302BA7C83E00E9A6CA /* Build configuration list for PBXNativeTarget "FestFinder" */ = {
			isa = XCConfigurationList;
			buildConfigurations = (
				B28166312BA7C83E00E9A6CA /* Debug */,
				B28166322BA7C83E00E9A6CA /* Release */,
			);
			defaultConfigurationIsVisible = 0;
			defaultConfigurationName = Release;
		};
		B28166332BA7C83E00E9A6CA /* Build configuration list for PBXNativeTarget "FestFinderTests" */ = {
			isa = XCConfigurationList;
			buildConfigurations = (
				B28166342BA7C83E00E9A6CA /* Debug */,
				B28166352BA7C83E00E9A6CA /* Release */,
			);
			defaultConfigurationIsVisible = 0;
			defaultConfigurationName = Release;
		};
		B28166362BA7C83E00E9A6CA /* Build configuration list for PBXNativeTarget "FestFinderUITests" */ = {
			isa = XCConfigurationList;
			buildConfigurations = (
				B28166372BA7C83E00E9A6CA /* Debug */,
				B28166382BA7C83E00E9A6CA /* Release */,
			);
			defaultConfigurationIsVisible = 0;
			defaultConfigurationName = Release;
		};
/* End XCConfigurationList section */
	};
	rootObject = B28166042BA7C83B00E9A6CA /* Project object */;
}
